
Microsoft Visual Studio Solution File, Format Version 12.00
# Visual Studio Version 17
VisualStudioVersion = 17.4.33110.190
MinimumVisualStudioVersion = 10.0.40219.1
Project("{FAE04EC0-301F-11D3-BF4B-00C04F79EFBC}") = "String_Vjezba2", "String_Vjezba2\String_Vjezba2.csproj", "{39BEBB33-FC9F-47EA-95F2-170EF84E8458}"
EndProject
Global
	GlobalSection(SolutionConfigurationPlatforms) = preSolution
		Debug|Any CPU = Debug|Any CPU
		Release|Any CPU = Release|Any CPU
	EndGlobalSection
	GlobalSection(ProjectConfigurationPlatforms) = postSolution
		{39BEBB33-FC9F-47EA-95F2-170EF84E8458}.Debug|Any CPU.ActiveCfg = Debug|Any CPU
		{39BEBB33-FC9F-47EA-95F2-170EF84E8458}.Debug|Any CPU.Build.0 = Debug|Any CPU
		{39BEBB33-FC9F-47EA-95F2-170EF84E8458}.Release|Any CPU.ActiveCfg = Release|Any CPU
		{39BEBB33-FC9F-47EA-95F2-170EF84E8458}.Release|Any CPU.Build.0 = Release|Any CPU
	EndGlobalSection
	GlobalSection(SolutionProperties) = preSolution
		HideSolutionNode = FALSE
	EndGlobalSection
	GlobalSection(ExtensibilityGlobals) = postSolution
		SolutionGuid = {3AEAF8EA-0AAA-44EE-ABC7-55BF765085E7}
	EndGlobalSection
EndGlobal
